
Microsoft Visual Studio Solution File, Format Version 12.00
# Visual Studio Version 17
VisualStudioVersion = 17.0.31903.59
MinimumVisualStudioVersion = 10.0.40219.1
Project("{FAE04EC0-301F-11D3-BF4B-00C04F79EFBC}") = "Domain", "Domain\Domain.csproj", "{B1A662A2-5DDD-428A-99A1-56B7F259748B}"
EndProject
Project("{FAE04EC0-301F-11D3-BF4B-00C04F79EFBC}") = "Infrastructure", "Infrastructure\Infrastructure.csproj", "{8902C7CA-B4D6-408E-B334-BD7A68B362E4}"
EndProject
Project("{FAE04EC0-301F-11D3-BF4B-00C04F79EFBC}") = "MyProj", "MyProj\MyProj.csproj", "{33EB317C-2EF7-4966-8275-BE6FA6905AC0}"
EndProject
Global
	GlobalSection(SolutionConfigurationPlatforms) = preSolution
		Debug|Any CPU = Debug|Any CPU
		Debug|x64 = Debug|x64
		Debug|x86 = Debug|x86
		Release|Any CPU = Release|Any CPU
		Release|x64 = Release|x64
		Release|x86 = Release|x86
	EndGlobalSection
	GlobalSection(ProjectConfigurationPlatforms) = postSolution
		{B1A662A2-5DDD-428A-99A1-56B7F259748B}.Debug|Any CPU.ActiveCfg = Debug|Any CPU
		{B1A662A2-5DDD-428A-99A1-56B7F259748B}.Debug|Any CPU.Build.0 = Debug|Any CPU
		{B1A662A2-5DDD-428A-99A1-56B7F259748B}.Debug|x64.ActiveCfg = Debug|Any CPU
		{B1A662A2-5DDD-428A-99A1-56B7F259748B}.Debug|x64.Build.0 = Debug|Any CPU
		{B1A662A2-5DDD-428A-99A1-56B7F259748B}.Debug|x86.ActiveCfg = Debug|Any CPU
		{B1A662A2-5DDD-428A-99A1-56B7F259748B}.Debug|x86.Build.0 = Debug|Any CPU
		{B1A662A2-5DDD-428A-99A1-56B7F259748B}.Release|Any CPU.ActiveCfg = Release|Any CPU
		{B1A662A2-5DDD-428A-99A1-56B7F259748B}.Release|Any CPU.Build.0 = Release|Any CPU
		{B1A662A2-5DDD-428A-99A1-56B7F259748B}.Release|x64.ActiveCfg = Release|Any CPU
		{B1A662A2-5DDD-428A-99A1-56B7F259748B}.Release|x64.Build.0 = Release|Any CPU
		{B1A662A2-5DDD-428A-99A1-56B7F259748B}.Release|x86.ActiveCfg = Release|Any CPU
		{B1A662A2-5DDD-428A-99A1-56B7F259748B}.Release|x86.Build.0 = Release|Any CPU
		{8902C7CA-B4D6-408E-B334-BD7A68B362E4}.Debug|Any CPU.ActiveCfg = Debug|Any CPU
		{8902C7CA-B4D6-408E-B334-BD7A68B362E4}.Debug|Any CPU.Build.0 = Debug|Any CPU
		{8902C7CA-B4D6-408E-B334-BD7A68B362E4}.Debug|x64.ActiveCfg = Debug|Any CPU
		{8902C7CA-B4D6-408E-B334-BD7A68B362E4}.Debug|x64.Build.0 = Debug|Any CPU
		{8902C7CA-B4D6-408E-B334-BD7A68B362E4}.Debug|x86.ActiveCfg = Debug|Any CPU
		{8902C7CA-B4D6-408E-B334-BD7A68B362E4}.Debug|x86.Build.0 = Debug|Any CPU
		{8902C7CA-B4D6-408E-B334-BD7A68B362E4}.Release|Any CPU.ActiveCfg = Release|Any CPU
		{8902C7CA-B4D6-408E-B334-BD7A68B362E4}.Release|Any CPU.Build.0 = Release|Any CPU
		{8902C7CA-B4D6-408E-B334-BD7A68B362E4}.Release|x64.ActiveCfg = Release|Any CPU
		{8902C7CA-B4D6-408E-B334-BD7A68B362E4}.Release|x64.Build.0 = Release|Any CPU
		{8902C7CA-B4D6-408E-B334-BD7A68B362E4}.Release|x86.ActiveCfg = Release|Any CPU
		{8902C7CA-B4D6-408E-B334-BD7A68B362E4}.Release|x86.Build.0 = Release|Any CPU
		{33EB317C-2EF7-4966-8275-BE6FA6905AC0}.Debug|Any CPU.ActiveCfg = Debug|Any CPU
		{33EB317C-2EF7-4966-8275-BE6FA6905AC0}.Debug|Any CPU.Build.0 = Debug|Any CPU
		{33EB317C-2EF7-4966-8275-BE6FA6905AC0}.Debug|x64.ActiveCfg = Debug|Any CPU
		{33EB317C-2EF7-4966-8275-BE6FA6905AC0}.Debug|x64.Build.0 = Debug|Any CPU
		{33EB317C-2EF7-4966-8275-BE6FA6905AC0}.Debug|x86.ActiveCfg = Debug|Any CPU
		{33EB317C-2EF7-4966-8275-BE6FA6905AC0}.Debug|x86.Build.0 = Debug|Any CPU
		{33EB317C-2EF7-4966-8275-BE6FA6905AC0}.Release|Any CPU.ActiveCfg = Release|Any CPU
		{33EB317C-2EF7-4966-8275-BE6FA6905AC0}.Release|Any CPU.Build.0 = Release|Any CPU
		{33EB317C-2EF7-4966-8275-BE6FA6905AC0}.Release|x64.ActiveCfg = Release|Any CPU
		{33EB317C-2EF7-4966-8275-BE6FA6905AC0}.Release|x64.Build.0 = Release|Any CPU
		{33EB317C-2EF7-4966-8275-BE6FA6905AC0}.Release|x86.ActiveCfg = Release|Any CPU
		{33EB317C-2EF7-4966-8275-BE6FA6905AC0}.Release|x86.Build.0 = Release|Any CPU
	EndGlobalSection
	GlobalSection(SolutionProperties) = preSolution
		HideSolutionNode = FALSE
	EndGlobalSection
EndGlobal
